
Microsoft Visual Studio Solution File, Format Version 12.00
# Visual Studio Version 17
VisualStudioVersion = 17.9.34714.143
MinimumVisualStudioVersion = 10.0.40219.1
Project("{FAE04EC0-301F-11D3-BF4B-00C04F79EFBC}") = "WF.Algoritmo.ClasseEMetodo", "WF.Algoritmo.ClasseEMetodo.csproj", "{A194B707-0E5C-46E4-9C8C-DFA9B7FE8ECF}"
EndProject
Global
	GlobalSection(SolutionConfigurationPlatforms) = preSolution
		Debug|Any CPU = Debug|Any CPU
		Release|Any CPU = Release|Any CPU
	EndGlobalSection
	GlobalSection(ProjectConfigurationPlatforms) = postSolution
		{A194B707-0E5C-46E4-9C8C-DFA9B7FE8ECF}.Debug|Any CPU.ActiveCfg = Debug|Any CPU
		{A194B707-0E5C-46E4-9C8C-DFA9B7FE8ECF}.Debug|Any CPU.Build.0 = Debug|Any CPU
		{A194B707-0E5C-46E4-9C8C-DFA9B7FE8ECF}.Release|Any CPU.ActiveCfg = Release|Any CPU
		{A194B707-0E5C-46E4-9C8C-DFA9B7FE8ECF}.Release|Any CPU.Build.0 = Release|Any CPU
	EndGlobalSection
	GlobalSection(SolutionProperties) = preSolution
		HideSolutionNode = FALSE
	EndGlobalSection
	GlobalSection(ExtensibilityGlobals) = postSolution
		SolutionGuid = {64ADCE56-A1EA-4521-9B0E-D78A80D86746}
	EndGlobalSection
EndGlobal
